<?xml version="1.0" encoding="utf-8"?>
<Project ToolsVersion="4.0" xmlns="http://schemas.microsoft.com/developer/msbuild/2003">
  <ItemGroup>
    <Filter Include="Source Files">
      <UniqueIdentifier>{4FC737F1-C7A5-4376-A066-2A32D752A2FF}</UniqueIdentifier>
      <Extensions>cpp;c;cc;cxx;def;odl;idl;hpj;bat;asm;asmx</Extensions>
    </Filter>
    <Filter Include="Header Files">
      <UniqueIdentifier>{93995380-89BD-4b04-88EB-625FBE52EBFB}</UniqueIdentifier>
      <Extensions>h;hpp;hxx;hm;inl;inc;xsd</Extensions>
    </Filter>
    <Filter Include="Resource Files">
      <UniqueIdentifier>{67DA6AB6-F800-4c08-8B7A-83BB121AAD01}</UniqueIdentifier>
      <Extensions>rc;ico;cur;bmp;dlg;rc2;rct;bin;rgs;gif;jpg;jpeg;jpe;resx;tiff;tif;png;wav</Extensions>
    </Filter>
    <Filter Include="Perception">
      <UniqueIdentifier>{f3679d6f-3bd2-4527-ae80-3b6ce55c184d}</UniqueIdentifier>
    </Filter>
    <Filter Include="Perception\Header Files">
      <UniqueIdentifier>{93995380-89BD-4b04-88EB-625FBE52EBFB}</UniqueIdentifier>
      <Extensions>h;hpp;hxx;hm;inl;inc;xsd</Extensions>
    </Filter>
    <Filter Include="Perception\Source Files">
      <UniqueIdentifier>{4FC737F1-C7A5-4376-A066-2A32D752A2FF}</UniqueIdentifier>
      <Extensions>cpp;c;cc;cxx;def;odl;idl;hpj;bat;asm;asmx</Extensions>
    </Filter>
    <Filter Include="Movement">
      <UniqueIdentifier>{5bcaee1b-5191-41b0-a973-ac901781a779}</UniqueIdentifier>
    </Filter>
    <Filter Include="Movement\Header Files">
      <UniqueIdentifier>{93995380-89BD-4b04-88EB-625FBE52EBFB}</UniqueIdentifier>
      <Extensions>h;hpp;hxx;hm;inl;inc;xsd</Extensions>
    </Filter>
    <Filter Include="Movement\Source Files">
      <UniqueIdentifier>{4FC737F1-C7A5-4376-A066-2A32D752A2FF}</UniqueIdentifier>
      <Extensions>cpp;c;cc;cxx;def;odl;idl;hpj;bat;asm;asmx</Extensions>
    </Filter>
    <Filter Include="Decision">
      <UniqueIdentifier>{43a6bf28-2b83-4393-971a-11bfcf2fe7ac}</UniqueIdentifier>
    </Filter>
    <Filter Include="Decision\StateMachines">
      <UniqueIdentifier>{c408b0ef-262c-4387-b354-e505721fed49}</UniqueIdentifier>
    </Filter>
    <Filter Include="Decision\StateMachines\Header Files">
      <UniqueIdentifier>{93995380-89BD-4b04-88EB-625FBE52EBFB}</UniqueIdentifier>
      <Extensions>h;hpp;hxx;hm;inl;inc;xsd</Extensions>
    </Filter>
    <Filter Include="Decision\StateMachines\Source Files">
      <UniqueIdentifier>{4FC737F1-C7A5-4376-A066-2A32D752A2FF}</UniqueIdentifier>
      <Extensions>cpp;c;cc;cxx;def;odl;idl;hpj;bat;asm;asmx</Extensions>
    </Filter>
    <Filter Include="Decision\BT">
      <UniqueIdentifier>{2345f5fc-ec60-4fa7-9fc5-610cf2d0fda8}</UniqueIdentifier>
    </Filter>
    <Filter Include="Decision\BT\Header Files">
      <UniqueIdentifier>{93995380-89BD-4b04-88EB-625FBE52EBFB}</UniqueIdentifier>
      <Extensions>h;hpp;hxx;hm;inl;inc;xsd</Extensions>
    </Filter>
    <Filter Include="Decision\BT\Source Files">
      <UniqueIdentifier>{4FC737F1-C7A5-4376-A066-2A32D752A2FF}</UniqueIdentifier>
      <Extensions>cpp;c;cc;cxx;def;odl;idl;hpj;bat;asm;asmx</Extensions>
    </Filter>
    <Filter Include="Decision\LatentActions">
      <UniqueIdentifier>{e8093929-c87f-434f-9ba3-274d9bc51640}</UniqueIdentifier>
    </Filter>
    <Filter Include="Decision\LatentActions\Header Files">
      <UniqueIdentifier>{4022e768-6979-476b-a62b-379bc7203e47}</UniqueIdentifier>
    </Filter>
    <Filter Include="Decision\LatentActions\Source Files">
      <UniqueIdentifier>{222ebbe4-5047-4139-b5e9-6e92242dbeab}</UniqueIdentifier>
    </Filter>
  </ItemGroup>
  <ItemGroup>
    <ClCompile Include="..\..\Src\AI\Server.cpp">
      <Filter>Source Files</Filter>
    </ClCompile>
    <ClCompile Include="..\..\Src\AI\UndirectedGraph.cpp">
      <Filter>Source Files</Filter>
    </ClCompile>
    <ClCompile Include="..\..\Src\AI\DisjointSets.cpp">
      <Filter>Movement\Source Files</Filter>
    </ClCompile>
    <ClCompile Include="..\..\Src\AI\DynamicMovement.cpp">
      <Filter>Movement\Source Files</Filter>
    </ClCompile>
    <ClCompile Include="..\..\Src\AI\KinematicMovement.cpp">
      <Filter>Movement\Source Files</Filter>
    </ClCompile>
    <ClCompile Include="..\..\Src\AI\micropather.cpp">
      <Filter>Movement\Source Files</Filter>
    </ClCompile>
    <ClCompile Include="..\..\Src\AI\Movement.cpp">
      <Filter>Movement\Source Files</Filter>
    </ClCompile>
    <ClCompile Include="LatentAction.cpp">
      <Filter>Decision\LatentActions\Source Files</Filter>
    </ClCompile>
    <ClCompile Include="SimpleLatentActions.cpp">
      <Filter>Decision\LatentActions\Source Files</Filter>
    </ClCompile>
    <ClCompile Include="..\..\Src\AI\GridmapGraph.cpp">
      <Filter>Movement\Source Files</Filter>
    </ClCompile>
    <ClCompile Include="..\..\Src\AI\AStarFunctionsDamnedSunset.cpp">
      <Filter>Movement\Source Files</Filter>
    </ClCompile>
  </ItemGroup>
  <ItemGroup>
    <ClInclude Include="..\..\Src\AI\DynTriMat.h">
      <Filter>Header Files</Filter>
    </ClInclude>
    <ClInclude Include="..\..\Src\AI\Server.h">
      <Filter>Header Files</Filter>
    </ClInclude>
    <ClInclude Include="..\..\Src\AI\UndirectedGraph.h">
      <Filter>Header Files</Filter>
    </ClInclude>
    <ClInclude Include="..\..\Src\AI\DisjointSets.h">
      <Filter>Movement\Header Files</Filter>
    </ClInclude>
    <ClInclude Include="..\..\Src\AI\DynamicMovement.h">
      <Filter>Movement\Header Files</Filter>
    </ClInclude>
    <ClInclude Include="..\..\Src\AI\KinematicMovement.h">
      <Filter>Movement\Header Files</Filter>
    </ClInclude>
    <ClInclude Include="..\..\Src\AI\micropather.h">
      <Filter>Movement\Header Files</Filter>
    </ClInclude>
    <ClInclude Include="..\..\Src\AI\Movement.h">
      <Filter>Movement\Header Files</Filter>
    </ClInclude>
    <ClInclude Include="..\..\Src\AI\DisjointSets.hpp">
      <Filter>Header Files</Filter>
    </ClInclude>
    <ClInclude Include="LatentAction.h">
      <Filter>Decision\LatentActions\Header Files</Filter>
    </ClInclude>
    <ClInclude Include="SimpleLatentActions.h">
      <Filter>Decision\LatentActions\Header Files</Filter>
    </ClInclude>
    <ClInclude Include="..\..\Src\AI\GridmapGraph.h">
      <Filter>Movement\Header Files</Filter>
    </ClInclude>
    <ClInclude Include="..\..\Src\AI\AStarFunctionsDamnedSunset.h">
      <Filter>Movement\Header Files</Filter>
    </ClInclude>
  </ItemGroup>
</Project>