<?xml version="1.0" encoding="utf-8"?>
<Project ToolsVersion="4.0" xmlns="http://schemas.microsoft.com/developer/msbuild/2003">
  <ItemGroup>
    <Filter Include="Source Files">
      <UniqueIdentifier>{4FC737F1-C7A5-4376-A066-2A32D752A2FF}</UniqueIdentifier>
      <Extensions>cpp;c;cc;cxx;def;odl;idl;hpj;bat;asm;asmx</Extensions>
    </Filter>
    <Filter Include="Header Files">
      <UniqueIdentifier>{93995380-89BD-4b04-88EB-625FBE52EBFB}</UniqueIdentifier>
      <Extensions>h;hpp;hxx;hm;inl;inc;xsd</Extensions>
    </Filter>
    <Filter Include="Classes">
      <UniqueIdentifier>{272a68a3-28f6-4132-b07e-d47a72904562}</UniqueIdentifier>
    </Filter>
    <Filter Include="Classes\Messages">
      <UniqueIdentifier>{a2611e86-f36d-4f3f-a401-e2a88c312c9b}</UniqueIdentifier>
    </Filter>
    <Filter Include="Classes\Messages\Header Files">
      <UniqueIdentifier>{f9032742-07f8-4dc5-979e-77d9e0ae9cf3}</UniqueIdentifier>
    </Filter>
    <Filter Include="Classes\Messages\Source Files">
      <UniqueIdentifier>{aeb5c068-0d6f-4303-84b6-a47139fb181b}</UniqueIdentifier>
    </Filter>
  </ItemGroup>
  <ItemGroup>
    <ClInclude Include="..\..\Src\ScriptManager\Server.h">
      <Filter>Header Files</Filter>
    </ClInclude>
    <ClInclude Include="..\..\Src\ScriptManager\Parser.h">
      <Filter>Header Files</Filter>
    </ClInclude>
    <ClInclude Include="..\..\Src\ScriptManager\Classes\Messages\LUA_AStarRoute.h">
      <Filter>Classes\Messages\Header Files</Filter>
    </ClInclude>
    <ClInclude Include="..\..\Src\ScriptManager\Classes\Messages\LUA_Message.h">
      <Filter>Classes\Messages\Header Files</Filter>
    </ClInclude>
    <ClInclude Include="..\..\Src\ScriptManager\Classes\Messages\LUA_AttackEntity.h">
      <Filter>Classes\Messages\Header Files</Filter>
    </ClInclude>
  </ItemGroup>
  <ItemGroup>
    <ClCompile Include="..\..\Src\ScriptManager\Server.cpp">
      <Filter>Source Files</Filter>
    </ClCompile>
    <ClCompile Include="..\..\Src\ScriptManager\Parser.cpp">
      <Filter>Source Files</Filter>
    </ClCompile>
    <ClCompile Include="..\..\Src\ScriptManager\Classes\Messages\LUA_AStarRoute.cpp">
      <Filter>Classes\Messages\Source Files</Filter>
    </ClCompile>
    <ClCompile Include="..\..\Src\ScriptManager\Classes\Messages\LUA_Message.cpp">
      <Filter>Classes\Messages\Source Files</Filter>
    </ClCompile>
    <ClCompile Include="..\..\Src\ScriptManager\Classes\Messages\LUA_AttackEntity.cpp">
      <Filter>Classes\Messages\Source Files</Filter>
    </ClCompile>
  </ItemGroup>
</Project>